<?xml version="1.0" encoding="utf-8"?>
<Project ToolsVersion="4.0" xmlns="http://schemas.microsoft.com/developer/msbuild/2003">
  <ItemGroup>
    <Filter Include="Source Files">
      <UniqueIdentifier>{4FC737F1-C7A5-4376-A066-2A32D752A2FF}</UniqueIdentifier>
      <Extensions>qml;cpp;c;cc;cxx;def;odl;idl;hpj;bat;asm;asmx</Extensions>
    </Filter>
    <Filter Include="Header Files">
      <UniqueIdentifier>{93995380-89BD-4b04-88EB-625FBE52EBFB}</UniqueIdentifier>
      <Extensions>h;hh;hpp;hxx;hm;inl;inc;xsd</Extensions>
    </Filter>
    <Filter Include="Resource Files">
      <UniqueIdentifier>{67DA6AB6-F800-4c08-8B7A-83BB121AAD01}</UniqueIdentifier>
      <Extensions>qrc;rc;ico;cur;bmp;dlg;rc2;rct;bin;rgs;gif;jpg;jpeg;jpe;resx;tiff;tif;png;wav;mfcribbon-ms</Extensions>
    </Filter>
    <Filter Include="Translation Files">
      <UniqueIdentifier>{639EADAA-A684-42e4-A9AD-28FC9BCB8F7C}</UniqueIdentifier>
      <Extensions>ts</Extensions>
    </Filter>
    <Filter Include="Header Files\UI">
      <UniqueIdentifier>{c9b22175-9713-47c0-9323-a964f67aca1b}</UniqueIdentifier>
    </Filter>
    <Filter Include="Source Files\UI">
      <UniqueIdentifier>{638c2f32-3661-44bf-a311-a2dafabcdcfb}</UniqueIdentifier>
    </Filter>
    <Filter Include="ico">
      <UniqueIdentifier>{2c63a23b-1f30-4420-a1e1-f6cea62ef89d}</UniqueIdentifier>
    </Filter>
  </ItemGroup>
  <ItemGroup>
    <QtRcc Include="YGmax.qrc">
      <Filter>Resource Files</Filter>
    </QtRcc>
    <QtMoc Include="YGmax.h">
      <Filter>Header Files</Filter>
    </QtMoc>
    <ClCompile Include="YGmax.cpp">
      <Filter>Source Files</Filter>
    </ClCompile>
    <None Include="YGmax.ico">
      <Filter>Resource Files</Filter>
    </None>
    <ResourceCompile Include="YGmax.rc">
      <Filter>Resource Files</Filter>
    </ResourceCompile>
    <ClInclude Include="stdafx.h">
      <Filter>Header Files</Filter>
    </ClInclude>
    <ClCompile Include="stdafx.cpp">
      <Filter>Source Files</Filter>
    </ClCompile>
  </ItemGroup>
  <ItemGroup>
    <ClCompile Include="main.cpp">
      <Filter>Source Files</Filter>
    </ClCompile>
    <ClCompile Include="SystemTrayIcon.cpp">
      <Filter>Source Files</Filter>
    </ClCompile>
    <ClCompile Include="ToolBar.cpp">
      <Filter>Source Files\UI</Filter>
    </ClCompile>
    <ClCompile Include="AboutDialog.cpp">
      <Filter>Source Files\UI</Filter>
    </ClCompile>
    <ClCompile Include="CustomTitleBar.cpp">
      <Filter>Source Files\UI</Filter>
    </ClCompile>
    <ClCompile Include="DocumentTabBar.cpp">
      <Filter>Source Files</Filter>
    </ClCompile>
    <ClCompile Include="Viewport3D.cpp">
      <Filter>Source Files</Filter>
    </ClCompile>
    <ClCompile Include="SceneRunnerWidget.cpp">
      <Filter>Source Files</Filter>
    </ClCompile>
    <ClCompile Include="SettingsDialog.cpp">
      <Filter>Source Files</Filter>
    </ClCompile>
    <ClCompile Include="BottomPanel.cpp">
      <Filter>Source Files\UI</Filter>
    </ClCompile>
    <ClCompile Include="RightPanel.cpp">
      <Filter>Source Files\UI</Filter>
    </ClCompile>
    <ClCompile Include="SceneSerializer.cpp">
      <Filter>Source Files</Filter>
    </ClCompile>
    <ClCompile Include="Viewport3D_Snapshot.cpp">
      <Filter>Source Files</Filter>
    </ClCompile>
  </ItemGroup>
  <ItemGroup>
    <QtMoc Include="SystemTrayIcon.h">
      <Filter>Header Files</Filter>
    </QtMoc>
    <QtMoc Include="ToolBar.h">
      <Filter>Header Files\UI</Filter>
    </QtMoc>
    <QtMoc Include="AboutDialog.h">
      <Filter>Header Files\UI</Filter>
    </QtMoc>
    <QtMoc Include="CustomTitleBar.h">
      <Filter>Header Files\UI</Filter>
    </QtMoc>
    <QtMoc Include="DocumentTabBar.h">
      <Filter>Header Files</Filter>
    </QtMoc>
    <QtMoc Include="Viewport3D.h">
      <Filter>Header Files</Filter>
    </QtMoc>
    <QtMoc Include="SceneRunnerWidget.h">
      <Filter>Header Files</Filter>
    </QtMoc>
    <QtMoc Include="SettingsDialog.h">
      <Filter>Header Files</Filter>
    </QtMoc>
    <QtMoc Include="BottomPanel.h">
      <Filter>Header Files\UI</Filter>
    </QtMoc>
    <QtMoc Include="RightPanel.h">
      <Filter>Header Files\UI</Filter>
    </QtMoc>
  </ItemGroup>
  <ItemGroup>
    <ClInclude Include="version.h">
      <Filter>Header Files</Filter>
    </ClInclude>
    <ClInclude Include="SceneShaders.h">
      <Filter>Header Files</Filter>
    </ClInclude>
    <ClInclude Include="SceneSerializer.h">
      <Filter>Header Files</Filter>
    </ClInclude>
  </ItemGroup>
  <ItemGroup>
    <Image Include="ico\Select.ico">
      <Filter>ico</Filter>
    </Image>
    <Image Include="ico\Select.png">
      <Filter>ico</Filter>
    </Image>
    <Image Include="ico\f96x96.png">
      <Filter>ico</Filter>
    </Image>
    <Image Include="ico\play96x96.png">
      <Filter>ico</Filter>
    </Image>
    <Image Include="ico\start96x96.png">
      <Filter>ico</Filter>
    </Image>
  </ItemGroup>
</Project>